
Microsoft Visual Studio Solution File, Format Version 12.00
# Visual Studio 14
VisualStudioVersion = 14.0.23107.0
MinimumVisualStudioVersion = 10.0.40219.1
Project("{FAE04EC0-301F-11D3-BF4B-00C04F79EFBC}") = "leetcode-CSharp", "leetcode-CSharp\leetcode-CSharp.csproj", "{1D565F5C-5FA2-4BBD-AD71-765F9503AFF1}"
EndProject
Project("{FAE04EC0-301F-11D3-BF4B-00C04F79EFBC}") = "leetcode-CSharpTests", "leetcode-CSharpTests\leetcode-CSharpTests.csproj", "{1665EBD3-797C-455B-8316-F9375177F2CA}"
EndProject
Global
	GlobalSection(SolutionConfigurationPlatforms) = preSolution
		Debug|Any CPU = Debug|Any CPU
		Release|Any CPU = Release|Any CPU
	EndGlobalSection
	GlobalSection(ProjectConfigurationPlatforms) = postSolution
		{1D565F5C-5FA2-4BBD-AD71-765F9503AFF1}.Debug|Any CPU.ActiveCfg = Debug|Any CPU
		{1D565F5C-5FA2-4BBD-AD71-765F9503AFF1}.Debug|Any CPU.Build.0 = Debug|Any CPU
		{1D565F5C-5FA2-4BBD-AD71-765F9503AFF1}.Release|Any CPU.ActiveCfg = Release|Any CPU
		{1D565F5C-5FA2-4BBD-AD71-765F9503AFF1}.Release|Any CPU.Build.0 = Release|Any CPU
		{1665EBD3-797C-455B-8316-F9375177F2CA}.Debug|Any CPU.ActiveCfg = Debug|Any CPU
		{1665EBD3-797C-455B-8316-F9375177F2CA}.Debug|Any CPU.Build.0 = Debug|Any CPU
		{1665EBD3-797C-455B-8316-F9375177F2CA}.Release|Any CPU.ActiveCfg = Release|Any CPU
		{1665EBD3-797C-455B-8316-F9375177F2CA}.Release|Any CPU.Build.0 = Release|Any CPU
	EndGlobalSection
	GlobalSection(SolutionProperties) = preSolution
		HideSolutionNode = FALSE
	EndGlobalSection
EndGlobal
